
Microsoft Visual Studio Solution File, Format Version 11.00
# Visual Studio 2010
Project("{FAE04EC0-301F-11D3-BF4B-00C04F79EFBC}") = "Assembly-CSharp", "Assembly-CSharp.csproj", "{81C4F1A8-3763-91AC-0512-C4650FAE536C}"
EndProject
Project("{FAE04EC0-301F-11D3-BF4B-00C04F79EFBC}") = "Assembly-CSharp-Editor", "Assembly-CSharp-Editor.csproj", "{19A5DA14-D3AC-C17C-3F89-C616EE27AD8E}"
EndProject
Global
	GlobalSection(SolutionConfigurationPlatforms) = preSolution
		Debug|Any CPU = Debug|Any CPU
		Release|Any CPU = Release|Any CPU
	EndGlobalSection
	GlobalSection(ProjectConfigurationPlatforms) = postSolution
		{81C4F1A8-3763-91AC-0512-C4650FAE536C}.Debug|Any CPU.ActiveCfg = Debug|Any CPU
		{81C4F1A8-3763-91AC-0512-C4650FAE536C}.Debug|Any CPU.Build.0 = Debug|Any CPU
		{81C4F1A8-3763-91AC-0512-C4650FAE536C}.Release|Any CPU.ActiveCfg = Release|Any CPU
		{81C4F1A8-3763-91AC-0512-C4650FAE536C}.Release|Any CPU.Build.0 = Release|Any CPU
		{19A5DA14-D3AC-C17C-3F89-C616EE27AD8E}.Debug|Any CPU.ActiveCfg = Debug|Any CPU
		{19A5DA14-D3AC-C17C-3F89-C616EE27AD8E}.Debug|Any CPU.Build.0 = Debug|Any CPU
		{19A5DA14-D3AC-C17C-3F89-C616EE27AD8E}.Release|Any CPU.ActiveCfg = Release|Any CPU
		{19A5DA14-D3AC-C17C-3F89-C616EE27AD8E}.Release|Any CPU.Build.0 = Release|Any CPU
	EndGlobalSection
	GlobalSection(SolutionProperties) = preSolution
		HideSolutionNode = FALSE
	EndGlobalSection
	GlobalSection(MonoDevelopProperties) = preSolution
		StartupItem = Assembly-CSharp.csproj
	EndGlobalSection
EndGlobal
